// !$*UTF8*$!
{
	archiveVersion = 1;
	classes = {
	};
	objectVersion = 46;
	objects = {

/* Begin PBXBuildFile section */
		181CCB9C18CA2538005B357B /* Foundation.framework in Frameworks */ = {isa = PBXBuildFile; fileRef = 181CCB9B18CA2538005B357B /* Foundation.framework */; };
		181CCB9E18CA2538005B357B /* CoreGraphics.framework in Frameworks */ = {isa = PBXBuildFile; fileRef = 181CCB9D18CA2538005B357B /* CoreGraphics.framework */; };
		181CCBA018CA2538005B357B /* UIKit.framework in Frameworks */ = {isa = PBXBuildFile; fileRef = 181CCB9F18CA2538005B357B /* UIKit.framework */; };
		181CCBA618CA2538005B357B /* InfoPlist.strings in Resources */ = {isa = PBXBuildFile; fileRef = 181CCBA418CA2538005B357B /* InfoPlist.strings */; };
		181CCBA818CA2538005B357B /* main.m in Sources */ = {isa = PBXBuildFile; fileRef = 181CCBA718CA2538005B357B /* main.m */; };
		181CCBAC18CA2538005B357B /* WXYAppDelegate.m in Sources */ = {isa = PBXBuildFile; fileRef = 181CCBAB18CA2538005B357B /* WXYAppDelegate.m */; };
		181CCBAF18CA2538005B357B /* Main.storyboard in Resources */ = {isa = PBXBuildFile; fileRef = 181CCBAD18CA2538005B357B /* Main.storyboard */; };
		181CCBB218CA2538005B357B /* WXYMapViewController.m in Sources */ = {isa = PBXBuildFile; fileRef = 181CCBB118CA2538005B357B /* WXYMapViewController.m */; };
		181CCBB418CA2538005B357B /* Images.xcassets in Resources */ = {isa = PBXBuildFile; fileRef = 181CCBB318CA2538005B357B /* Images.xcassets */; };
		181CCBBB18CA2538005B357B /* XCTest.framework in Frameworks */ = {isa = PBXBuildFile; fileRef = 181CCBBA18CA2538005B357B /* XCTest.framework */; };
		181CCBBC18CA2538005B357B /* Foundation.framework in Frameworks */ = {isa = PBXBuildFile; fileRef = 181CCB9B18CA2538005B357B /* Foundation.framework */; };
		181CCBBD18CA2538005B357B /* UIKit.framework in Frameworks */ = {isa = PBXBuildFile; fileRef = 181CCB9F18CA2538005B357B /* UIKit.framework */; };
		181CCBC518CA2538005B357B /* InfoPlist.strings in Resources */ = {isa = PBXBuildFile; fileRef = 181CCBC318CA2538005B357B /* InfoPlist.strings */; };
		181CCBC718CA2538005B357B /* Pingche_clientTests.m in Sources */ = {isa = PBXBuildFile; fileRef = 181CCBC618CA2538005B357B /* Pingche_clientTests.m */; };
		1845A43418CAF7DC00BFC213 /* AMapSearchKit.framework in Frameworks */ = {isa = PBXBuildFile; fileRef = 1845A43218CAF7DC00BFC213 /* AMapSearchKit.framework */; };
		1845A43718CAF84000BFC213 /* QuartzCore.framework in Frameworks */ = {isa = PBXBuildFile; fileRef = 1845A43618CAF84000BFC213 /* QuartzCore.framework */; };
		1845A43918CAF84600BFC213 /* CoreLocation.framework in Frameworks */ = {isa = PBXBuildFile; fileRef = 1845A43818CAF84600BFC213 /* CoreLocation.framework */; };
		1845A43B18CAF85500BFC213 /* SystemConfiguration.framework in Frameworks */ = {isa = PBXBuildFile; fileRef = 1845A43A18CAF85500BFC213 /* SystemConfiguration.framework */; };
		1845A43D18CAF85D00BFC213 /* CoreTelephony.framework in Frameworks */ = {isa = PBXBuildFile; fileRef = 1845A43C18CAF85D00BFC213 /* CoreTelephony.framework */; };
		1845A43F18CAF86400BFC213 /* libz.dylib in Frameworks */ = {isa = PBXBuildFile; fileRef = 1845A43E18CAF86400BFC213 /* libz.dylib */; };
		1845A44118CAF86A00BFC213 /* OpenGLES.framework in Frameworks */ = {isa = PBXBuildFile; fileRef = 1845A44018CAF86A00BFC213 /* OpenGLES.framework */; };
		1845A44318CAF87400BFC213 /* libstdc++.6.0.9.dylib in Frameworks */ = {isa = PBXBuildFile; fileRef = 1845A44218CAF87400BFC213 /* libstdc++.6.0.9.dylib */; };
		1845A44518CAF87900BFC213 /* Security.framework in Frameworks */ = {isa = PBXBuildFile; fileRef = 1845A44418CAF87900BFC213 /* Security.framework */; };
		1845A44718CAF8B000BFC213 /* AMap.bundle in Resources */ = {isa = PBXBuildFile; fileRef = 1845A44618CAF8B000BFC213 /* AMap.bundle */; };
		184B408418E8708100062C59 /* NSDictionary+noNilValueForKey.m in Sources */ = {isa = PBXBuildFile; fileRef = 184B404018E8708100062C59 /* NSDictionary+noNilValueForKey.m */; };
		184B408518E8708100062C59 /* UIViewController+ShowHud.m in Sources */ = {isa = PBXBuildFile; fileRef = 184B404218E8708100062C59 /* UIViewController+ShowHud.m */; };
		184B408C18E8708100062C59 /* UserInfo.m in Sources */ = {isa = PBXBuildFile; fileRef = 184B405418E8708100062C59 /* UserInfo.m */; };
		184B408D18E8708100062C59 /* WXYSettingManager.m in Sources */ = {isa = PBXBuildFile; fileRef = 184B405718E8708100062C59 /* WXYSettingManager.m */; };
		184B408E18E8708100062C59 /* WXYDataModel.m in Sources */ = {isa = PBXBuildFile; fileRef = 184B405918E8708100062C59 /* WXYDataModel.m */; };
		184B408F18E8708100062C59 /* WXYError.m in Sources */ = {isa = PBXBuildFile; fileRef = 184B405C18E8708100062C59 /* WXYError.m */; };
		184B409018E8708100062C59 /* WXYNetworkEngine.m in Sources */ = {isa = PBXBuildFile; fileRef = 184B405E18E8708100062C59 /* WXYNetworkEngine.m */; };
		184B409118E8708100062C59 /* WXYNetworkOperation.m in Sources */ = {isa = PBXBuildFile; fileRef = 184B406018E8708100062C59 /* WXYNetworkOperation.m */; };
		184B409218E8708100062C59 /* MBProgressHUD.m in Sources */ = {isa = PBXBuildFile; fileRef = 184B406418E8708100062C59 /* MBProgressHUD.m */; };
		184B409318E8708100062C59 /* NSAlert+MKNetworkKitAdditions.m in Sources */ = {isa = PBXBuildFile; fileRef = 184B406918E8708100062C59 /* NSAlert+MKNetworkKitAdditions.m */; };
		184B409418E8708100062C59 /* NSData+MKBase64.m in Sources */ = {isa = PBXBuildFile; fileRef = 184B406B18E8708100062C59 /* NSData+MKBase64.m */; };
		184B409518E8708100062C59 /* NSDate+RFC1123.m in Sources */ = {isa = PBXBuildFile; fileRef = 184B406D18E8708100062C59 /* NSDate+RFC1123.m */; };
		184B409618E8708100062C59 /* NSDictionary+RequestEncoding.m in Sources */ = {isa = PBXBuildFile; fileRef = 184B406F18E8708100062C59 /* NSDictionary+RequestEncoding.m */; };
		184B409718E8708100062C59 /* NSString+MKNetworkKitAdditions.m in Sources */ = {isa = PBXBuildFile; fileRef = 184B407118E8708100062C59 /* NSString+MKNetworkKitAdditions.m */; };
		184B409818E8708100062C59 /* UIAlertView+MKNetworkKitAdditions.m in Sources */ = {isa = PBXBuildFile; fileRef = 184B407318E8708100062C59 /* UIAlertView+MKNetworkKitAdditions.m */; };
		184B409918E8708100062C59 /* UIImageView+MKNetworkKitAdditions.m in Sources */ = {isa = PBXBuildFile; fileRef = 184B407518E8708100062C59 /* UIImageView+MKNetworkKitAdditions.m */; };
		184B409A18E8708100062C59 /* MKNetworkEngine.m in Sources */ = {isa = PBXBuildFile; fileRef = 184B407718E8708100062C59 /* MKNetworkEngine.m */; };
		184B409B18E8708100062C59 /* MKNetworkOperation.m in Sources */ = {isa = PBXBuildFile; fileRef = 184B407A18E8708100062C59 /* MKNetworkOperation.m */; };
		184B409C18E8708100062C59 /* Reachability.m in Sources */ = {isa = PBXBuildFile; fileRef = 184B407D18E8708100062C59 /* Reachability.m */; };
		184B40B318E8710100062C59 /* checkmark.png in Resources */ = {isa = PBXBuildFile; fileRef = 184B40AF18E8710100062C59 /* checkmark.png */; };
		184B40B418E8710100062C59 /* checkmark@2x.png in Resources */ = {isa = PBXBuildFile; fileRef = 184B40B018E8710100062C59 /* checkmark@2x.png */; };
		184B40B518E8710100062C59 /* exclamationmark.png in Resources */ = {isa = PBXBuildFile; fileRef = 184B40B118E8710100062C59 /* exclamationmark.png */; };
		184B40B618E8710100062C59 /* exclamationmark@2x.png in Resources */ = {isa = PBXBuildFile; fileRef = 184B40B218E8710100062C59 /* exclamationmark@2x.png */; };
		184B40B918E8741A00062C59 /* DriverInfo.m in Sources */ = {isa = PBXBuildFile; fileRef = 184B40B818E8741A00062C59 /* DriverInfo.m */; };
		184B40BC18E8742600062C59 /* CustomerInfo.m in Sources */ = {isa = PBXBuildFile; fileRef = 184B40BB18E8742600062C59 /* CustomerInfo.m */; };
		184B40BF18E8891C00062C59 /* OrderEntity.m in Sources */ = {isa = PBXBuildFile; fileRef = 184B40BE18E8891C00062C59 /* OrderEntity.m */; };
		184B40C318E99E4500062C59 /* WXYDriverNewOrderNotifyView.m in Sources */ = {isa = PBXBuildFile; fileRef = 184B40C218E99E4500062C59 /* WXYDriverNewOrderNotifyView.m */; };
		18AFA49018E187DA00D07899 /* MAMapKit.framework in Frameworks */ = {isa = PBXBuildFile; fileRef = 1845A43318CAF7DC00BFC213 /* MAMapKit.framework */; };
		18BBC41D18CB6ADB00F765EF /* WXYRootViewController.m in Sources */ = {isa = PBXBuildFile; fileRef = 18BBC41C18CB6ADB00F765EF /* WXYRootViewController.m */; };
		18BBC42018CB6AFA00F765EF /* WXYLoginViewController.m in Sources */ = {isa = PBXBuildFile; fileRef = 18BBC41F18CB6AFA00F765EF /* WXYLoginViewController.m */; };
		18BBC42318CB6B4F00F765EF /* WXYSelectLocationViewController.m in Sources */ = {isa = PBXBuildFile; fileRef = 18BBC42218CB6B4F00F765EF /* WXYSelectLocationViewController.m */; };
		18BBC42718CB7C3600F765EF /* CommonUtility.m in Sources */ = {isa = PBXBuildFile; fileRef = 18BBC42618CB7C3600F765EF /* CommonUtility.m */; };
		18BBC42A18CB7C8600F765EF /* LineDashPolyline.m in Sources */ = {isa = PBXBuildFile; fileRef = 18BBC42918CB7C8600F765EF /* LineDashPolyline.m */; };
		18BBC42D18CB875E00F765EF /* POIAnnotation.m in Sources */ = {isa = PBXBuildFile; fileRef = 18BBC42C18CB875E00F765EF /* POIAnnotation.m */; };
		18BBC43118CB90BC00F765EF /* WXYDriverRootViewController.m in Sources */ = {isa = PBXBuildFile; fileRef = 18BBC43018CB90BC00F765EF /* WXYDriverRootViewController.m */; };
		18BBC43418CB90E600F765EF /* WXYDriverNewCustomerViewController.m in Sources */ = {isa = PBXBuildFile; fileRef = 18BBC43318CB90E600F765EF /* WXYDriverNewCustomerViewController.m */; };
		18BBC43718CB91B300F765EF /* WXYOrderManagerViewController.m in Sources */ = {isa = PBXBuildFile; fileRef = 18BBC43618CB91B300F765EF /* WXYOrderManagerViewController.m */; };
/* End PBXBuildFile section */

/* Begin PBXContainerItemProxy section */
		181CCBBE18CA2538005B357B /* PBXContainerItemProxy */ = {
			isa = PBXContainerItemProxy;
			containerPortal = 181CCB9018CA2537005B357B /* Project object */;
			proxyType = 1;
			remoteGlobalIDString = 181CCB9718CA2538005B357B;
			remoteInfo = Pingche_client;
		};
		184B409E18E8708100062C59 /* PBXContainerItemProxy */ = {
			isa = PBXContainerItemProxy;
			containerPortal = 184B408118E8708100062C59 /* MKNetworkKit-iOS.xcodeproj */;
			proxyType = 2;
			remoteGlobalIDString = ABB5C25C148B3AE00056D3E9;
			remoteInfo = "MKNetworkKit-iOS";
		};
/* End PBXContainerItemProxy section */

/* Begin PBXFileReference section */
		181CCB9818CA2538005B357B /* Pingche_client.app */ = {isa = PBXFileReference; explicitFileType = wrapper.application; includeInIndex = 0; path = Pingche_client.app; sourceTree = BUILT_PRODUCTS_DIR; };
		181CCB9B18CA2538005B357B /* Foundation.framework */ = {isa = PBXFileReference; lastKnownFileType = wrapper.framework; name = Foundation.framework; path = System/Library/Frameworks/Foundation.framework; sourceTree = SDKROOT; };
		181CCB9D18CA2538005B357B /* CoreGraphics.framework */ = {isa = PBXFileReference; lastKnownFileType = wrapper.framework; name = CoreGraphics.framework; path = System/Library/Frameworks/CoreGraphics.framework; sourceTree = SDKROOT; };
		181CCB9F18CA2538005B357B /* UIKit.framework */ = {isa = PBXFileReference; lastKnownFileType = wrapper.framework; name = UIKit.framework; path = System/Library/Frameworks/UIKit.framework; sourceTree = SDKROOT; };
		181CCBA318CA2538005B357B /* Pingche_client-Info.plist */ = {isa = PBXFileReference; lastKnownFileType = text.plist.xml; path = "Pingche_client-Info.plist"; sourceTree = "<group>"; };
		181CCBA518CA2538005B357B /* en */ = {isa = PBXFileReference; lastKnownFileType = text.plist.strings; name = en; path = en.lproj/InfoPlist.strings; sourceTree = "<group>"; };
		181CCBA718CA2538005B357B /* main.m */ = {isa = PBXFileReference; lastKnownFileType = sourcecode.c.objc; path = main.m; sourceTree = "<group>"; };
		181CCBA918CA2538005B357B /* Pingche_client-Prefix.pch */ = {isa = PBXFileReference; lastKnownFileType = sourcecode.c.h; path = "Pingche_client-Prefix.pch"; sourceTree = "<group>"; };
		181CCBAA18CA2538005B357B /* WXYAppDelegate.h */ = {isa = PBXFileReference; lastKnownFileType = sourcecode.c.h; path = WXYAppDelegate.h; sourceTree = "<group>"; };
		181CCBAB18CA2538005B357B /* WXYAppDelegate.m */ = {isa = PBXFileReference; lastKnownFileType = sourcecode.c.objc; path = WXYAppDelegate.m; sourceTree = "<group>"; };
		181CCBAE18CA2538005B357B /* Base */ = {isa = PBXFileReference; lastKnownFileType = file.storyboard; name = Base; path = Base.lproj/Main.storyboard; sourceTree = "<group>"; };
		181CCBB018CA2538005B357B /* WXYMapViewController.h */ = {isa = PBXFileReference; lastKnownFileType = sourcecode.c.h; path = WXYMapViewController.h; sourceTree = "<group>"; };
		181CCBB118CA2538005B357B /* WXYMapViewController.m */ = {isa = PBXFileReference; lastKnownFileType = sourcecode.c.objc; path = WXYMapViewController.m; sourceTree = "<group>"; };
		181CCBB318CA2538005B357B /* Images.xcassets */ = {isa = PBXFileReference; lastKnownFileType = folder.assetcatalog; path = Images.xcassets; sourceTree = "<group>"; };
		181CCBB918CA2538005B357B /* Pingche_clientTests.xctest */ = {isa = PBXFileReference; explicitFileType = wrapper.cfbundle; includeInIndex = 0; path = Pingche_clientTests.xctest; sourceTree = BUILT_PRODUCTS_DIR; };
		181CCBBA18CA2538005B357B /* XCTest.framework */ = {isa = PBXFileReference; lastKnownFileType = wrapper.framework; name = XCTest.framework; path = Library/Frameworks/XCTest.framework; sourceTree = DEVELOPER_DIR; };
		181CCBC218CA2538005B357B /* Pingche_clientTests-Info.plist */ = {isa = PBXFileReference; lastKnownFileType = text.plist.xml; path = "Pingche_clientTests-Info.plist"; sourceTree = "<group>"; };
		181CCBC418CA2538005B357B /* en */ = {isa = PBXFileReference; lastKnownFileType = text.plist.strings; name = en; path = en.lproj/InfoPlist.strings; sourceTree = "<group>"; };
		181CCBC618CA2538005B357B /* Pingche_clientTests.m */ = {isa = PBXFileReference; lastKnownFileType = sourcecode.c.objc; path = Pingche_clientTests.m; sourceTree = "<group>"; };
		1845A43218CAF7DC00BFC213 /* AMapSearchKit.framework */ = {isa = PBXFileReference; lastKnownFileType = wrapper.framework; path = AMapSearchKit.framework; sourceTree = "<group>"; };
		1845A43318CAF7DC00BFC213 /* MAMapKit.framework */ = {isa = PBXFileReference; lastKnownFileType = wrapper.framework; path = MAMapKit.framework; sourceTree = "<group>"; };
		1845A43618CAF84000BFC213 /* QuartzCore.framework */ = {isa = PBXFileReference; lastKnownFileType = wrapper.framework; name = QuartzCore.framework; path = System/Library/Frameworks/QuartzCore.framework; sourceTree = SDKROOT; };
		1845A43818CAF84600BFC213 /* CoreLocation.framework */ = {isa = PBXFileReference; lastKnownFileType = wrapper.framework; name = CoreLocation.framework; path = System/Library/Frameworks/CoreLocation.framework; sourceTree = SDKROOT; };
		1845A43A18CAF85500BFC213 /* SystemConfiguration.framework */ = {isa = PBXFileReference; lastKnownFileType = wrapper.framework; name = SystemConfiguration.framework; path = System/Library/Frameworks/SystemConfiguration.framework; sourceTree = SDKROOT; };
		1845A43C18CAF85D00BFC213 /* CoreTelephony.framework */ = {isa = PBXFileReference; lastKnownFileType = wrapper.framework; name = CoreTelephony.framework; path = System/Library/Frameworks/CoreTelephony.framework; sourceTree = SDKROOT; };
		1845A43E18CAF86400BFC213 /* libz.dylib */ = {isa = PBXFileReference; lastKnownFileType = "compiled.mach-o.dylib"; name = libz.dylib; path = usr/lib/libz.dylib; sourceTree = SDKROOT; };
		1845A44018CAF86A00BFC213 /* OpenGLES.framework */ = {isa = PBXFileReference; lastKnownFileType = wrapper.framework; name = OpenGLES.framework; path = System/Library/Frameworks/OpenGLES.framework; sourceTree = SDKROOT; };
		1845A44218CAF87400BFC213 /* libstdc++.6.0.9.dylib */ = {isa = PBXFileReference; lastKnownFileType = "compiled.mach-o.dylib"; name = "libstdc++.6.0.9.dylib"; path = "usr/lib/libstdc++.6.0.9.dylib"; sourceTree = SDKROOT; };
		1845A44418CAF87900BFC213 /* Security.framework */ = {isa = PBXFileReference; lastKnownFileType = wrapper.framework; name = Security.framework; path = System/Library/Frameworks/Security.framework; sourceTree = SDKROOT; };
		1845A44618CAF8B000BFC213 /* AMap.bundle */ = {isa = PBXFileReference; lastKnownFileType = "wrapper.plug-in"; name = AMap.bundle; path = MAMapKit.framework/Versions/2.1.3/Resources/AMap.bundle; sourceTree = "<group>"; };
		184B403F18E8708100062C59 /* NSDictionary+noNilValueForKey.h */ = {isa = PBXFileReference; fileEncoding = 4; lastKnownFileType = sourcecode.c.h; path = "NSDictionary+noNilValueForKey.h"; sourceTree = "<group>"; };
		184B404018E8708100062C59 /* NSDictionary+noNilValueForKey.m */ = {isa = PBXFileReference; fileEncoding = 4; lastKnownFileType = sourcecode.c.objc; path = "NSDictionary+noNilValueForKey.m"; sourceTree = "<group>"; };
		184B404118E8708100062C59 /* UIViewController+ShowHud.h */ = {isa = PBXFileReference; fileEncoding = 4; lastKnownFileType = sourcecode.c.h; path = "UIViewController+ShowHud.h"; sourceTree = "<group>"; };
		184B404218E8708100062C59 /* UIViewController+ShowHud.m */ = {isa = PBXFileReference; fileEncoding = 4; lastKnownFileType = sourcecode.c.objc; path = "UIViewController+ShowHud.m"; sourceTree = "<group>"; };
		184B404318E8708100062C59 /* WXYExtension.h */ = {isa = PBXFileReference; fileEncoding = 4; lastKnownFileType = sourcecode.c.h; path = WXYExtension.h; sourceTree = "<group>"; };
		184B405318E8708100062C59 /* UserInfo.h */ = {isa = PBXFileReference; fileEncoding = 4; lastKnownFileType = sourcecode.c.h; path = UserInfo.h; sourceTree = "<group>"; };
		184B405418E8708100062C59 /* UserInfo.m */ = {isa = PBXFileReference; fileEncoding = 4; lastKnownFileType = sourcecode.c.objc; path = UserInfo.m; sourceTree = "<group>"; };
		184B405618E8708100062C59 /* WXYSettingManager.h */ = {isa = PBXFileReference; fileEncoding = 4; lastKnownFileType = sourcecode.c.h; path = WXYSettingManager.h; sourceTree = "<group>"; };
		184B405718E8708100062C59 /* WXYSettingManager.m */ = {isa = PBXFileReference; fileEncoding = 4; lastKnownFileType = sourcecode.c.objc; path = WXYSettingManager.m; sourceTree = "<group>"; };
		184B405818E8708100062C59 /* WXYDataModel.h */ = {isa = PBXFileReference; fileEncoding = 4; lastKnownFileType = sourcecode.c.h; path = WXYDataModel.h; sourceTree = "<group>"; };
		184B405918E8708100062C59 /* WXYDataModel.m */ = {isa = PBXFileReference; fileEncoding = 4; lastKnownFileType = sourcecode.c.objc; path = WXYDataModel.m; sourceTree = "<group>"; };
		184B405B18E8708100062C59 /* WXYError.h */ = {isa = PBXFileReference; fileEncoding = 4; lastKnownFileType = sourcecode.c.h; path = WXYError.h; sourceTree = "<group>"; };
		184B405C18E8708100062C59 /* WXYError.m */ = {isa = PBXFileReference; fileEncoding = 4; lastKnownFileType = sourcecode.c.objc; path = WXYError.m; sourceTree = "<group>"; };
		184B405D18E8708100062C59 /* WXYNetworkEngine.h */ = {isa = PBXFileReference; fileEncoding = 4; lastKnownFileType = sourcecode.c.h; path = WXYNetworkEngine.h; sourceTree = "<group>"; };
		184B405E18E8708100062C59 /* WXYNetworkEngine.m */ = {isa = PBXFileReference; fileEncoding = 4; lastKnownFileType = sourcecode.c.objc; path = WXYNetworkEngine.m; sourceTree = "<group>"; };
		184B405F18E8708100062C59 /* WXYNetworkOperation.h */ = {isa = PBXFileReference; fileEncoding = 4; lastKnownFileType = sourcecode.c.h; path = WXYNetworkOperation.h; sourceTree = "<group>"; };
		184B406018E8708100062C59 /* WXYNetworkOperation.m */ = {isa = PBXFileReference; fileEncoding = 4; lastKnownFileType = sourcecode.c.objc; path = WXYNetworkOperation.m; sourceTree = "<group>"; };
		184B406318E8708100062C59 /* MBProgressHUD.h */ = {isa = PBXFileReference; fileEncoding = 4; lastKnownFileType = sourcecode.c.h; path = MBProgressHUD.h; sourceTree = "<group>"; };
		184B406418E8708100062C59 /* MBProgressHUD.m */ = {isa = PBXFileReference; fileEncoding = 4; lastKnownFileType = sourcecode.c.objc; path = MBProgressHUD.m; sourceTree = "<group>"; };
		184B406818E8708100062C59 /* NSAlert+MKNetworkKitAdditions.h */ = {isa = PBXFileReference; fileEncoding = 4; lastKnownFileType = sourcecode.c.h; path = "NSAlert+MKNetworkKitAdditions.h"; sourceTree = "<group>"; };
		184B406918E8708100062C59 /* NSAlert+MKNetworkKitAdditions.m */ = {isa = PBXFileReference; fileEncoding = 4; lastKnownFileType = sourcecode.c.objc; path = "NSAlert+MKNetworkKitAdditions.m"; sourceTree = "<group>"; };
		184B406A18E8708100062C59 /* NSData+MKBase64.h */ = {isa = PBXFileReference; fileEncoding = 4; lastKnownFileType = sourcecode.c.h; path = "NSData+MKBase64.h"; sourceTree = "<group>"; };
		184B406B18E8708100062C59 /* NSData+MKBase64.m */ = {isa = PBXFileReference; fileEncoding = 4; lastKnownFileType = sourcecode.c.objc; path = "NSData+MKBase64.m"; sourceTree = "<group>"; };
		184B406C18E8708100062C59 /* NSDate+RFC1123.h */ = {isa = PBXFileReference; fileEncoding = 4; lastKnownFileType = sourcecode.c.h; path = "NSDate+RFC1123.h"; sourceTree = "<group>"; };
		184B406D18E8708100062C59 /* NSDate+RFC1123.m */ = {isa = PBXFileReference; fileEncoding = 4; lastKnownFileType = sourcecode.c.objc; path = "NSDate+RFC1123.m"; sourceTree = "<group>"; };
		184B406E18E8708100062C59 /* NSDictionary+RequestEncoding.h */ = {isa = PBXFileReference; fileEncoding = 4; lastKnownFileType = sourcecode.c.h; path = "NSDictionary+RequestEncoding.h"; sourceTree = "<group>"; };
		184B406F18E8708100062C59 /* NSDictionary+RequestEncoding.m */ = {isa = PBXFileReference; fileEncoding = 4; lastKnownFileType = sourcecode.c.objc; path = "NSDictionary+RequestEncoding.m"; sourceTree = "<group>"; };
		184B407018E8708100062C59 /* NSString+MKNetworkKitAdditions.h */ = {isa = PBXFileReference; fileEncoding = 4; lastKnownFileType = sourcecode.c.h; path = "NSString+MKNetworkKitAdditions.h"; sourceTree = "<group>"; };
		184B407118E8708100062C59 /* NSString+MKNetworkKitAdditions.m */ = {isa = PBXFileReference; fileEncoding = 4; lastKnownFileType = sourcecode.c.objc; path = "NSString+MKNetworkKitAdditions.m"; sourceTree = "<group>"; };
		184B407218E8708100062C59 /* UIAlertView+MKNetworkKitAdditions.h */ = {isa = PBXFileReference; fileEncoding = 4; lastKnownFileType = sourcecode.c.h; path = "UIAlertView+MKNetworkKitAdditions.h"; sourceTree = "<group>"; };
		184B407318E8708100062C59 /* UIAlertView+MKNetworkKitAdditions.m */ = {isa = PBXFileReference; fileEncoding = 4; lastKnownFileType = sourcecode.c.objc; path = "UIAlertView+MKNetworkKitAdditions.m"; sourceTree = "<group>"; };
		184B407418E8708100062C59 /* UIImageView+MKNetworkKitAdditions.h */ = {isa = PBXFileReference; fileEncoding = 4; lastKnownFileType = sourcecode.c.h; path = "UIImageView+MKNetworkKitAdditions.h"; sourceTree = "<group>"; };
		184B407518E8708100062C59 /* UIImageView+MKNetworkKitAdditions.m */ = {isa = PBXFileReference; fileEncoding = 4; lastKnownFileType = sourcecode.c.objc; path = "UIImageView+MKNetworkKitAdditions.m"; sourceTree = "<group>"; };
		184B407618E8708100062C59 /* MKNetworkEngine.h */ = {isa = PBXFileReference; fileEncoding = 4; lastKnownFileType = sourcecode.c.h; path = MKNetworkEngine.h; sourceTree = "<group>"; };
		184B407718E8708100062C59 /* MKNetworkEngine.m */ = {isa = PBXFileReference; fileEncoding = 4; lastKnownFileType = sourcecode.c.objc; path = MKNetworkEngine.m; sourceTree = "<group>"; };
		184B407818E8708100062C59 /* MKNetworkKit.h */ = {isa = PBXFileReference; fileEncoding = 4; lastKnownFileType = sourcecode.c.h; path = MKNetworkKit.h; sourceTree = "<group>"; };
		184B407918E8708100062C59 /* MKNetworkOperation.h */ = {isa = PBXFileReference; fileEncoding = 4; lastKnownFileType = sourcecode.c.h; path = MKNetworkOperation.h; sourceTree = "<group>"; };
		184B407A18E8708100062C59 /* MKNetworkOperation.m */ = {isa = PBXFileReference; fileEncoding = 4; lastKnownFileType = sourcecode.c.objc; path = MKNetworkOperation.m; sourceTree = "<group>"; };
		184B407C18E8708100062C59 /* Reachability.h */ = {isa = PBXFileReference; fileEncoding = 4; lastKnownFileType = sourcecode.c.h; path = Reachability.h; sourceTree = "<group>"; };
		184B407D18E8708100062C59 /* Reachability.m */ = {isa = PBXFileReference; fileEncoding = 4; lastKnownFileType = sourcecode.c.objc; path = Reachability.m; sourceTree = "<group>"; };
		184B408018E8708100062C59 /* MKNetworkKit-iOS-Prefix.pch */ = {isa = PBXFileReference; fileEncoding = 4; lastKnownFileType = sourcecode.c.h; path = "MKNetworkKit-iOS-Prefix.pch"; sourceTree = "<group>"; };
		184B408118E8708100062C59 /* MKNetworkKit-iOS.xcodeproj */ = {isa = PBXFileReference; lastKnownFileType = "wrapper.pb-project"; path = "MKNetworkKit-iOS.xcodeproj"; sourceTree = "<group>"; };
		184B40AA18E870B900062C59 /* WXYBlock.h */ = {isa = PBXFileReference; fileEncoding = 4; lastKnownFileType = sourcecode.c.h; path = WXYBlock.h; sourceTree = "<group>"; };
		184B40AD18E8710100062C59 /* GraphicName.h */ = {isa = PBXFileReference; fileEncoding = 4; lastKnownFileType = sourcecode.c.h; path = GraphicName.h; sourceTree = "<group>"; };
		184B40AF18E8710100062C59 /* checkmark.png */ = {isa = PBXFileReference; lastKnownFileType = image.png; path = checkmark.png; sourceTree = "<group>"; };
		184B40B018E8710100062C59 /* checkmark@2x.png */ = {isa = PBXFileReference; lastKnownFileType = image.png; path = "checkmark@2x.png"; sourceTree = "<group>"; };
		184B40B118E8710100062C59 /* exclamationmark.png */ = {isa = PBXFileReference; lastKnownFileType = image.png; path = exclamationmark.png; sourceTree = "<group>"; };
		184B40B218E8710100062C59 /* exclamationmark@2x.png */ = {isa = PBXFileReference; lastKnownFileType = image.png; path = "exclamationmark@2x.png"; sourceTree = "<group>"; };
		184B40B718E8741A00062C59 /* DriverInfo.h */ = {isa = PBXFileReference; fileEncoding = 4; lastKnownFileType = sourcecode.c.h; path = DriverInfo.h; sourceTree = "<group>"; };
		184B40B818E8741A00062C59 /* DriverInfo.m */ = {isa = PBXFileReference; fileEncoding = 4; lastKnownFileType = sourcecode.c.objc; path = DriverInfo.m; sourceTree = "<group>"; };
		184B40BA18E8742600062C59 /* CustomerInfo.h */ = {isa = PBXFileReference; fileEncoding = 4; lastKnownFileType = sourcecode.c.h; path = CustomerInfo.h; sourceTree = "<group>"; };
		184B40BB18E8742600062C59 /* CustomerInfo.m */ = {isa = PBXFileReference; fileEncoding = 4; lastKnownFileType = sourcecode.c.objc; path = CustomerInfo.m; sourceTree = "<group>"; };
		184B40BD18E8891C00062C59 /* OrderEntity.h */ = {isa = PBXFileReference; fileEncoding = 4; lastKnownFileType = sourcecode.c.h; path = OrderEntity.h; sourceTree = "<group>"; };
		184B40BE18E8891C00062C59 /* OrderEntity.m */ = {isa = PBXFileReference; fileEncoding = 4; lastKnownFileType = sourcecode.c.objc; path = OrderEntity.m; sourceTree = "<group>"; };
		184B40C118E99E4500062C59 /* WXYDriverNewOrderNotifyView.h */ = {isa = PBXFileReference; fileEncoding = 4; lastKnownFileType = sourcecode.c.h; path = WXYDriverNewOrderNotifyView.h; sourceTree = "<group>"; };
		184B40C218E99E4500062C59 /* WXYDriverNewOrderNotifyView.m */ = {isa = PBXFileReference; fileEncoding = 4; lastKnownFileType = sourcecode.c.objc; path = WXYDriverNewOrderNotifyView.m; sourceTree = "<group>"; };
		18BBC41B18CB6ADB00F765EF /* WXYRootViewController.h */ = {isa = PBXFileReference; fileEncoding = 4; lastKnownFileType = sourcecode.c.h; path = WXYRootViewController.h; sourceTree = "<group>"; };
		18BBC41C18CB6ADB00F765EF /* WXYRootViewController.m */ = {isa = PBXFileReference; fileEncoding = 4; lastKnownFileType = sourcecode.c.objc; path = WXYRootViewController.m; sourceTree = "<group>"; };
		18BBC41E18CB6AFA00F765EF /* WXYLoginViewController.h */ = {isa = PBXFileReference; fileEncoding = 4; lastKnownFileType = sourcecode.c.h; path = WXYLoginViewController.h; sourceTree = "<group>"; };
		18BBC41F18CB6AFA00F765EF /* WXYLoginViewController.m */ = {isa = PBXFileReference; fileEncoding = 4; lastKnownFileType = sourcecode.c.objc; path = WXYLoginViewController.m; sourceTree = "<group>"; };
		18BBC42118CB6B4F00F765EF /* WXYSelectLocationViewController.h */ = {isa = PBXFileReference; fileEncoding = 4; lastKnownFileType = sourcecode.c.h; path = WXYSelectLocationViewController.h; sourceTree = "<group>"; };
		18BBC42218CB6B4F00F765EF /* WXYSelectLocationViewController.m */ = {isa = PBXFileReference; fileEncoding = 4; lastKnownFileType = sourcecode.c.objc; path = WXYSelectLocationViewController.m; sourceTree = "<group>"; };
		18BBC42518CB7C3600F765EF /* CommonUtility.h */ = {isa = PBXFileReference; fileEncoding = 4; lastKnownFileType = sourcecode.c.h; path = CommonUtility.h; sourceTree = "<group>"; };
		18BBC42618CB7C3600F765EF /* CommonUtility.m */ = {isa = PBXFileReference; fileEncoding = 4; lastKnownFileType = sourcecode.c.objc; path = CommonUtility.m; sourceTree = "<group>"; };
		18BBC42818CB7C8600F765EF /* LineDashPolyline.h */ = {isa = PBXFileReference; fileEncoding = 4; lastKnownFileType = sourcecode.c.h; path = LineDashPolyline.h; sourceTree = "<group>"; };
		18BBC42918CB7C8600F765EF /* LineDashPolyline.m */ = {isa = PBXFileReference; fileEncoding = 4; lastKnownFileType = sourcecode.c.objc; path = LineDashPolyline.m; sourceTree = "<group>"; };
		18BBC42B18CB875E00F765EF /* POIAnnotation.h */ = {isa = PBXFileReference; fileEncoding = 4; lastKnownFileType = sourcecode.c.h; path = POIAnnotation.h; sourceTree = "<group>"; };
		18BBC42C18CB875E00F765EF /* POIAnnotation.m */ = {isa = PBXFileReference; fileEncoding = 4; lastKnownFileType = sourcecode.c.objc; path = POIAnnotation.m; sourceTree = "<group>"; };
		18BBC42F18CB90BC00F765EF /* WXYDriverRootViewController.h */ = {isa = PBXFileReference; fileEncoding = 4; lastKnownFileType = sourcecode.c.h; path = WXYDriverRootViewController.h; sourceTree = "<group>"; };
		18BBC43018CB90BC00F765EF /* WXYDriverRootViewController.m */ = {isa = PBXFileReference; fileEncoding = 4; lastKnownFileType = sourcecode.c.objc; path = WXYDriverRootViewController.m; sourceTree = "<group>"; };
		18BBC43218CB90E600F765EF /* WXYDriverNewCustomerViewController.h */ = {isa = PBXFileReference; fileEncoding = 4; lastKnownFileType = sourcecode.c.h; path = WXYDriverNewCustomerViewController.h; sourceTree = "<group>"; };
		18BBC43318CB90E600F765EF /* WXYDriverNewCustomerViewController.m */ = {isa = PBXFileReference; fileEncoding = 4; lastKnownFileType = sourcecode.c.objc; path = WXYDriverNewCustomerViewController.m; sourceTree = "<group>"; };
		18BBC43518CB91B300F765EF /* WXYOrderManagerViewController.h */ = {isa = PBXFileReference; fileEncoding = 4; lastKnownFileType = sourcecode.c.h; path = WXYOrderManagerViewController.h; sourceTree = "<group>"; };
		18BBC43618CB91B300F765EF /* WXYOrderManagerViewController.m */ = {isa = PBXFileReference; fileEncoding = 4; lastKnownFileType = sourcecode.c.objc; path = WXYOrderManagerViewController.m; sourceTree = "<group>"; };
/* End PBXFileReference section */

/* Begin PBXFrameworksBuildPhase section */
		181CCB9518CA2538005B357B /* Frameworks */ = {
			isa = PBXFrameworksBuildPhase;
			buildActionMask = 2147483647;
			files = (
				1845A43418CAF7DC00BFC213 /* AMapSearchKit.framework in Frameworks */,
				18AFA49018E187DA00D07899 /* MAMapKit.framework in Frameworks */,
				1845A44518CAF87900BFC213 /* Security.framework in Frameworks */,
				1845A44318CAF87400BFC213 /* libstdc++.6.0.9.dylib in Frameworks */,
				1845A44118CAF86A00BFC213 /* OpenGLES.framework in Frameworks */,
				1845A43F18CAF86400BFC213 /* libz.dylib in Frameworks */,
				1845A43D18CAF85D00BFC213 /* CoreTelephony.framework in Frameworks */,
				1845A43B18CAF85500BFC213 /* SystemConfiguration.framework in Frameworks */,
				1845A43918CAF84600BFC213 /* CoreLocation.framework in Frameworks */,
				1845A43718CAF84000BFC213 /* QuartzCore.framework in Frameworks */,
				181CCB9E18CA2538005B357B /* CoreGraphics.framework in Frameworks */,
				181CCBA018CA2538005B357B /* UIKit.framework in Frameworks */,
				181CCB9C18CA2538005B357B /* Foundation.framework in Frameworks */,
			);
			runOnlyForDeploymentPostprocessing = 0;
		};
		181CCBB618CA2538005B357B /* Frameworks */ = {
			isa = PBXFrameworksBuildPhase;
			buildActionMask = 2147483647;
			files = (
				181CCBBB18CA2538005B357B /* XCTest.framework in Frameworks */,
				181CCBBD18CA2538005B357B /* UIKit.framework in Frameworks */,
				181CCBBC18CA2538005B357B /* Foundation.framework in Frameworks */,
			);
			runOnlyForDeploymentPostprocessing = 0;
		};
/* End PBXFrameworksBuildPhase section */

/* Begin PBXGroup section */
		181CCB8F18CA2537005B357B = {
			isa = PBXGroup;
			children = (
				181CCBA118CA2538005B357B /* Pingche_client */,
				181CCBC018CA2538005B357B /* Pingche_clientTests */,
				181CCB9A18CA2538005B357B /* Frameworks */,
				181CCB9918CA2538005B357B /* Products */,
			);
			sourceTree = "<group>";
		};
		181CCB9918CA2538005B357B /* Products */ = {
			isa = PBXGroup;
			children = (
				181CCB9818CA2538005B357B /* Pingche_client.app */,
				181CCBB918CA2538005B357B /* Pingche_clientTests.xctest */,
			);
			name = Products;
			sourceTree = "<group>";
		};
		181CCB9A18CA2538005B357B /* Frameworks */ = {
			isa = PBXGroup;
			children = (
				1845A44418CAF87900BFC213 /* Security.framework */,
				1845A44218CAF87400BFC213 /* libstdc++.6.0.9.dylib */,
				1845A44018CAF86A00BFC213 /* OpenGLES.framework */,
				1845A43E18CAF86400BFC213 /* libz.dylib */,
				1845A43C18CAF85D00BFC213 /* CoreTelephony.framework */,
				1845A43A18CAF85500BFC213 /* SystemConfiguration.framework */,
				1845A43818CAF84600BFC213 /* CoreLocation.framework */,
				1845A43618CAF84000BFC213 /* QuartzCore.framework */,
				181CCB9B18CA2538005B357B /* Foundation.framework */,
				181CCB9D18CA2538005B357B /* CoreGraphics.framework */,
				181CCB9F18CA2538005B357B /* UIKit.framework */,
				181CCBBA18CA2538005B357B /* XCTest.framework */,
			);
			name = Frameworks;
			sourceTree = "<group>";
		};
		181CCBA118CA2538005B357B /* Pingche_client */ = {
			isa = PBXGroup;
			children = (
				184B40AC18E8710100062C59 /* graphic */,
				184B403E18E8708100062C59 /* extension */,
				184B404418E8708100062C59 /* model */,
				184B406118E8708100062C59 /* thirdpart */,
				184B403818E86DD700062C59 /* customer */,
				18BBC42E18CB904C00F765EF /* driver */,
				18BBC42418CB7C3600F765EF /* Utility */,
				1845A43118CAF7DC00BFC213 /* gaodeLib */,
				181CCBAA18CA2538005B357B /* WXYAppDelegate.h */,
				181CCBAB18CA2538005B357B /* WXYAppDelegate.m */,
				181CCBAD18CA2538005B357B /* Main.storyboard */,
				181CCBB318CA2538005B357B /* Images.xcassets */,
				181CCBA218CA2538005B357B /* Supporting Files */,
				18BBC41B18CB6ADB00F765EF /* WXYRootViewController.h */,
				18BBC41C18CB6ADB00F765EF /* WXYRootViewController.m */,
				18BBC41E18CB6AFA00F765EF /* WXYLoginViewController.h */,
				18BBC41F18CB6AFA00F765EF /* WXYLoginViewController.m */,
				18BBC42118CB6B4F00F765EF /* WXYSelectLocationViewController.h */,
				18BBC42218CB6B4F00F765EF /* WXYSelectLocationViewController.m */,
			);
			path = Pingche_client;
			sourceTree = "<group>";
		};
		181CCBA218CA2538005B357B /* Supporting Files */ = {
			isa = PBXGroup;
			children = (
				181CCBA318CA2538005B357B /* Pingche_client-Info.plist */,
				181CCBA418CA2538005B357B /* InfoPlist.strings */,
				181CCBA718CA2538005B357B /* main.m */,
				181CCBA918CA2538005B357B /* Pingche_client-Prefix.pch */,
			);
			name = "Supporting Files";
			sourceTree = "<group>";
		};
		181CCBC018CA2538005B357B /* Pingche_clientTests */ = {
			isa = PBXGroup;
			children = (
				181CCBC618CA2538005B357B /* Pingche_clientTests.m */,
				181CCBC118CA2538005B357B /* Supporting Files */,
			);
			path = Pingche_clientTests;
			sourceTree = "<group>";
		};
		181CCBC118CA2538005B357B /* Supporting Files */ = {
			isa = PBXGroup;
			children = (
				181CCBC218CA2538005B357B /* Pingche_clientTests-Info.plist */,
				181CCBC318CA2538005B357B /* InfoPlist.strings */,
			);
			name = "Supporting Files";
			sourceTree = "<group>";
		};
		1845A43118CAF7DC00BFC213 /* gaodeLib */ = {
			isa = PBXGroup;
			children = (
				1845A44618CAF8B000BFC213 /* AMap.bundle */,
				1845A43218CAF7DC00BFC213 /* AMapSearchKit.framework */,
				1845A43318CAF7DC00BFC213 /* MAMapKit.framework */,
			);
			path = gaodeLib;
			sourceTree = "<group>";
		};
		184B403818E86DD700062C59 /* customer */ = {
			isa = PBXGroup;
			children = (
				181CCBB018CA2538005B357B /* WXYMapViewController.h */,
				181CCBB118CA2538005B357B /* WXYMapViewController.m */,
			);
			name = customer;
			sourceTree = "<group>";
		};
		184B403E18E8708100062C59 /* extension */ = {
			isa = PBXGroup;
			children = (
				184B40AA18E870B900062C59 /* WXYBlock.h */,
				184B403F18E8708100062C59 /* NSDictionary+noNilValueForKey.h */,
				184B404018E8708100062C59 /* NSDictionary+noNilValueForKey.m */,
				184B404118E8708100062C59 /* UIViewController+ShowHud.h */,
				184B404218E8708100062C59 /* UIViewController+ShowHud.m */,
				184B404318E8708100062C59 /* WXYExtension.h */,
			);
			path = extension;
			sourceTree = "<group>";
		};
		184B404418E8708100062C59 /* model */ = {
			isa = PBXGroup;
			children = (
				184B404518E8708100062C59 /* data */,
				184B405A18E8708100062C59 /* network */,
			);
			path = model;
			sourceTree = "<group>";
		};
		184B404518E8708100062C59 /* data */ = {
			isa = PBXGroup;
			children = (
				184B404618E8708100062C59 /* beans */,
				184B405518E8708100062C59 /* setting */,
				184B405818E8708100062C59 /* WXYDataModel.h */,
				184B405918E8708100062C59 /* WXYDataModel.m */,
			);
			path = data;
			sourceTree = "<group>";
		};
		184B404618E8708100062C59 /* beans */ = {
			isa = PBXGroup;
			children = (
				184B405318E8708100062C59 /* UserInfo.h */,
				184B405418E8708100062C59 /* UserInfo.m */,
				184B40B718E8741A00062C59 /* DriverInfo.h */,
				184B40B818E8741A00062C59 /* DriverInfo.m */,
				184B40BA18E8742600062C59 /* CustomerInfo.h */,
				184B40BB18E8742600062C59 /* CustomerInfo.m */,
				184B40BD18E8891C00062C59 /* OrderEntity.h */,
				184B40BE18E8891C00062C59 /* OrderEntity.m */,
			);
			path = beans;
			sourceTree = "<group>";
		};
		184B405518E8708100062C59 /* setting */ = {
			isa = PBXGroup;
			children = (
				184B405618E8708100062C59 /* WXYSettingManager.h */,
				184B405718E8708100062C59 /* WXYSettingManager.m */,
			);
			path = setting;
			sourceTree = "<group>";
		};
		184B405A18E8708100062C59 /* network */ = {
			isa = PBXGroup;
			children = (
				184B405B18E8708100062C59 /* WXYError.h */,
				184B405C18E8708100062C59 /* WXYError.m */,
				184B405D18E8708100062C59 /* WXYNetworkEngine.h */,
				184B405E18E8708100062C59 /* WXYNetworkEngine.m */,
				184B405F18E8708100062C59 /* WXYNetworkOperation.h */,
				184B406018E8708100062C59 /* WXYNetworkOperation.m */,
			);
			path = network;
			sourceTree = "<group>";
		};
		184B406118E8708100062C59 /* thirdpart */ = {
			isa = PBXGroup;
			children = (
				184B406218E8708100062C59 /* MBProgressHUD */,
				184B406518E8708100062C59 /* MKNetworkKit */,
			);
			path = thirdpart;
			sourceTree = "<group>";
		};
		184B406218E8708100062C59 /* MBProgressHUD */ = {
			isa = PBXGroup;
			children = (
				184B406318E8708100062C59 /* MBProgressHUD.h */,
				184B406418E8708100062C59 /* MBProgressHUD.m */,
			);
			path = MBProgressHUD;
			sourceTree = "<group>";
		};
		184B406518E8708100062C59 /* MKNetworkKit */ = {
			isa = PBXGroup;
			children = (
				184B406618E8708100062C59 /* MKNetworkKit */,
				184B407E18E8708100062C59 /* MKNetworkKit-iOS */,
			);
			path = MKNetworkKit;
			sourceTree = "<group>";
		};
		184B406618E8708100062C59 /* MKNetworkKit */ = {
			isa = PBXGroup;
			children = (
				184B406718E8708100062C59 /* Categories */,
				184B407618E8708100062C59 /* MKNetworkEngine.h */,
				184B407718E8708100062C59 /* MKNetworkEngine.m */,
				184B407818E8708100062C59 /* MKNetworkKit.h */,
				184B407918E8708100062C59 /* MKNetworkOperation.h */,
				184B407A18E8708100062C59 /* MKNetworkOperation.m */,
				184B407B18E8708100062C59 /* Reachability */,
			);
			path = MKNetworkKit;
			sourceTree = "<group>";
		};
		184B406718E8708100062C59 /* Categories */ = {
			isa = PBXGroup;
			children = (
				184B406818E8708100062C59 /* NSAlert+MKNetworkKitAdditions.h */,
				184B406918E8708100062C59 /* NSAlert+MKNetworkKitAdditions.m */,
				184B406A18E8708100062C59 /* NSData+MKBase64.h */,
				184B406B18E8708100062C59 /* NSData+MKBase64.m */,
				184B406C18E8708100062C59 /* NSDate+RFC1123.h */,
				184B406D18E8708100062C59 /* NSDate+RFC1123.m */,
				184B406E18E8708100062C59 /* NSDictionary+RequestEncoding.h */,
				184B406F18E8708100062C59 /* NSDictionary+RequestEncoding.m */,
				184B407018E8708100062C59 /* NSString+MKNetworkKitAdditions.h */,
				184B407118E8708100062C59 /* NSString+MKNetworkKitAdditions.m */,
				184B407218E8708100062C59 /* UIAlertView+MKNetworkKitAdditions.h */,
				184B407318E8708100062C59 /* UIAlertView+MKNetworkKitAdditions.m */,
				184B407418E8708100062C59 /* UIImageView+MKNetworkKitAdditions.h */,
				184B407518E8708100062C59 /* UIImageView+MKNetworkKitAdditions.m */,
			);
			path = Categories;
			sourceTree = "<group>";
		};
		184B407B18E8708100062C59 /* Reachability */ = {
			isa = PBXGroup;
			children = (
				184B407C18E8708100062C59 /* Reachability.h */,
				184B407D18E8708100062C59 /* Reachability.m */,
			);
			path = Reachability;
			sourceTree = "<group>";
		};
		184B407E18E8708100062C59 /* MKNetworkKit-iOS */ = {
			isa = PBXGroup;
			children = (
				184B407F18E8708100062C59 /* MKNetworkKit-iOS */,
				184B408118E8708100062C59 /* MKNetworkKit-iOS.xcodeproj */,
			);
			path = "MKNetworkKit-iOS";
			sourceTree = "<group>";
		};
		184B407F18E8708100062C59 /* MKNetworkKit-iOS */ = {
			isa = PBXGroup;
			children = (
				184B408018E8708100062C59 /* MKNetworkKit-iOS-Prefix.pch */,
			);
			path = "MKNetworkKit-iOS";
			sourceTree = "<group>";
		};
		184B408218E8708100062C59 /* Products */ = {
			isa = PBXGroup;
			children = (
				184B409F18E8708100062C59 /* libMKNetworkKit-iOS.a */,
			);
			name = Products;
			sourceTree = "<group>";
		};
		184B40AC18E8710100062C59 /* graphic */ = {
			isa = PBXGroup;
			children = (
				184B40AD18E8710100062C59 /* GraphicName.h */,
				184B40AE18E8710100062C59 /* hud */,
			);
			path = graphic;
			sourceTree = "<group>";
		};
		184B40AE18E8710100062C59 /* hud */ = {
			isa = PBXGroup;
			children = (
				184B40AF18E8710100062C59 /* checkmark.png */,
				184B40B018E8710100062C59 /* checkmark@2x.png */,
				184B40B118E8710100062C59 /* exclamationmark.png */,
				184B40B218E8710100062C59 /* exclamationmark@2x.png */,
			);
			path = hud;
			sourceTree = "<group>";
		};
		184B40C018E99E1E00062C59 /* views */ = {
			isa = PBXGroup;
			children = (
				184B40C118E99E4500062C59 /* WXYDriverNewOrderNotifyView.h */,
				184B40C218E99E4500062C59 /* WXYDriverNewOrderNotifyView.m */,
			);
			name = views;
			sourceTree = "<group>";
		};
		18BBC42418CB7C3600F765EF /* Utility */ = {
			isa = PBXGroup;
			children = (
				18BBC42B18CB875E00F765EF /* POIAnnotation.h */,
				18BBC42C18CB875E00F765EF /* POIAnnotation.m */,
				18BBC42818CB7C8600F765EF /* LineDashPolyline.h */,
				18BBC42918CB7C8600F765EF /* LineDashPolyline.m */,
				18BBC42518CB7C3600F765EF /* CommonUtility.h */,
				18BBC42618CB7C3600F765EF /* CommonUtility.m */,
			);
			path = Utility;
			sourceTree = "<group>";
		};
		18BBC42E18CB904C00F765EF /* driver */ = {
			isa = PBXGroup;
			children = (
				184B40C018E99E1E00062C59 /* views */,
				18BBC42F18CB90BC00F765EF /* WXYDriverRootViewController.h */,
				18BBC43018CB90BC00F765EF /* WXYDriverRootViewController.m */,
				18BBC43218CB90E600F765EF /* WXYDriverNewCustomerViewController.h */,
				18BBC43318CB90E600F765EF /* WXYDriverNewCustomerViewController.m */,
				18BBC43518CB91B300F765EF /* WXYOrderManagerViewController.h */,
				18BBC43618CB91B300F765EF /* WXYOrderManagerViewController.m */,
			);
			name = driver;
			sourceTree = "<group>";
		};
/* End PBXGroup section */

/* Begin PBXNativeTarget section */
		181CCB9718CA2538005B357B /* Pingche_client */ = {
			isa = PBXNativeTarget;
			buildConfigurationList = 181CCBCA18CA2538005B357B /* Build configuration list for PBXNativeTarget "Pingche_client" */;
			buildPhases = (
				181CCB9418CA2538005B357B /* Sources */,
				181CCB9518CA2538005B357B /* Frameworks */,
				181CCB9618CA2538005B357B /* Resources */,
			);
			buildRules = (
			);
			dependencies = (
			);
			name = Pingche_client;
			productName = Pingche_client;
			productReference = 181CCB9818CA2538005B357B /* Pingche_client.app */;
			productType = "com.apple.product-type.application";
		};
		181CCBB818CA2538005B357B /* Pingche_clientTests */ = {
			isa = PBXNativeTarget;
			buildConfigurationList = 181CCBCD18CA2538005B357B /* Build configuration list for PBXNativeTarget "Pingche_clientTests" */;
			buildPhases = (
				181CCBB518CA2538005B357B /* Sources */,
				181CCBB618CA2538005B357B /* Frameworks */,
				181CCBB718CA2538005B357B /* Resources */,
			);
			buildRules = (
			);
			dependencies = (
				181CCBBF18CA2538005B357B /* PBXTargetDependency */,
			);
			name = Pingche_clientTests;
			productName = Pingche_clientTests;
			productReference = 181CCBB918CA2538005B357B /* Pingche_clientTests.xctest */;
			productType = "com.apple.product-type.bundle.unit-test";
		};
/* End PBXNativeTarget section */

/* Begin PBXProject section */
		181CCB9018CA2537005B357B /* Project object */ = {
			isa = PBXProject;
			attributes = {
				CLASSPREFIX = WXY;
				LastUpgradeCheck = 0500;
				ORGANIZATIONNAME = wxy;
				TargetAttributes = {
					181CCBB818CA2538005B357B = {
						TestTargetID = 181CCB9718CA2538005B357B;
					};
				};
			};
			buildConfigurationList = 181CCB9318CA2537005B357B /* Build configuration list for PBXProject "Pingche_client" */;
			compatibilityVersion = "Xcode 3.2";
			developmentRegion = English;
			hasScannedForEncodings = 0;
			knownRegions = (
				en,
				Base,
			);
			mainGroup = 181CCB8F18CA2537005B357B;
			productRefGroup = 181CCB9918CA2538005B357B /* Products */;
			projectDirPath = "";
			projectReferences = (
				{
					ProductGroup = 184B408218E8708100062C59 /* Products */;
					ProjectRef = 184B408118E8708100062C59 /* MKNetworkKit-iOS.xcodeproj */;
				},
			);
			projectRoot = "";
			targets = (
				181CCB9718CA2538005B357B /* Pingche_client */,
				181CCBB818CA2538005B357B /* Pingche_clientTests */,
			);
		};
/* End PBXProject section */

/* Begin PBXReferenceProxy section */
		184B409F18E8708100062C59 /* libMKNetworkKit-iOS.a */ = {
			isa = PBXReferenceProxy;
			fileType = archive.ar;
			path = "libMKNetworkKit-iOS.a";
			remoteRef = 184B409E18E8708100062C59 /* PBXContainerItemProxy */;
			sourceTree = BUILT_PRODUCTS_DIR;
		};
/* End PBXReferenceProxy section */

/* Begin PBXResourcesBuildPhase section */
		181CCB9618CA2538005B357B /* Resources */ = {
			isa = PBXResourcesBuildPhase;
			buildActionMask = 2147483647;
			files = (
				181CCBB418CA2538005B357B /* Images.xcassets in Resources */,
				184B40B318E8710100062C59 /* checkmark.png in Resources */,
				181CCBA618CA2538005B357B /* InfoPlist.strings in Resources */,
				184B40B618E8710100062C59 /* exclamationmark@2x.png in Resources */,
				1845A44718CAF8B000BFC213 /* AMap.bundle in Resources */,
				184B40B418E8710100062C59 /* checkmark@2x.png in Resources */,
				184B40B518E8710100062C59 /* exclamationmark.png in Resources */,
				181CCBAF18CA2538005B357B /* Main.storyboard in Resources */,
			);
			runOnlyForDeploymentPostprocessing = 0;
		};
		181CCBB718CA2538005B357B /* Resources */ = {
			isa = PBXResourcesBuildPhase;
			buildActionMask = 2147483647;
			files = (
				181CCBC518CA2538005B357B /* InfoPlist.strings in Resources */,
			);
			runOnlyForDeploymentPostprocessing = 0;
		};
/* End PBXResourcesBuildPhase section */

/* Begin PBXSourcesBuildPhase section */
		181CCB9418CA2538005B357B /* Sources */ = {
			isa = PBXSourcesBuildPhase;
			buildActionMask = 2147483647;
			files = (
				18BBC43418CB90E600F765EF /* WXYDriverNewCustomerViewController.m in Sources */,
				184B408518E8708100062C59 /* UIViewController+ShowHud.m in Sources */,
				184B409818E8708100062C59 /* UIAlertView+MKNetworkKitAdditions.m in Sources */,
				184B40BF18E8891C00062C59 /* OrderEntity.m in Sources */,
				18BBC42018CB6AFA00F765EF /* WXYLoginViewController.m in Sources */,
				184B409C18E8708100062C59 /* Reachability.m in Sources */,
				18BBC42A18CB7C8600F765EF /* LineDashPolyline.m in Sources */,
				184B408418E8708100062C59 /* NSDictionary+noNilValueForKey.m in Sources */,
				184B409A18E8708100062C59 /* MKNetworkEngine.m in Sources */,
				181CCBA818CA2538005B357B /* main.m in Sources */,
				18BBC43718CB91B300F765EF /* WXYOrderManagerViewController.m in Sources */,
				184B409618E8708100062C59 /* NSDictionary+RequestEncoding.m in Sources */,
				18BBC43118CB90BC00F765EF /* WXYDriverRootViewController.m in Sources */,
				184B409718E8708100062C59 /* NSString+MKNetworkKitAdditions.m in Sources */,
				184B409218E8708100062C59 /* MBProgressHUD.m in Sources */,
				184B409B18E8708100062C59 /* MKNetworkOperation.m in Sources */,
				184B409118E8708100062C59 /* WXYNetworkOperation.m in Sources */,
				184B408C18E8708100062C59 /* UserInfo.m in Sources */,
				18BBC41D18CB6ADB00F765EF /* WXYRootViewController.m in Sources */,
				184B409418E8708100062C59 /* NSData+MKBase64.m in Sources */,
				184B408D18E8708100062C59 /* WXYSettingManager.m in Sources */,
				181CCBB218CA2538005B357B /* WXYMapViewController.m in Sources */,
				18BBC42D18CB875E00F765EF /* POIAnnotation.m in Sources */,
				184B409018E8708100062C59 /* WXYNetworkEngine.m in Sources */,
				184B40BC18E8742600062C59 /* CustomerInfo.m in Sources */,
				184B40C318E99E4500062C59 /* WXYDriverNewOrderNotifyView.m in Sources */,
				184B409518E8708100062C59 /* NSDate+RFC1123.m in Sources */,
				184B408E18E8708100062C59 /* WXYDataModel.m in Sources */,
				184B409318E8708100062C59 /* NSAlert+MKNetworkKitAdditions.m in Sources */,
				18BBC42318CB6B4F00F765EF /* WXYSelectLocationViewController.m in Sources */,
				181CCBAC18CA2538005B357B /* WXYAppDelegate.m in Sources */,
				18BBC42718CB7C3600F765EF /* CommonUtility.m in Sources */,
				184B409918E8708100062C59 /* UIImageView+MKNetworkKitAdditions.m in Sources */,
				184B408F18E8708100062C59 /* WXYError.m in Sources */,
				184B40B918E8741A00062C59 /* DriverInfo.m in Sources */,
			);
			runOnlyForDeploymentPostprocessing = 0;
		};
		181CCBB518CA2538005B357B /* Sources */ = {
			isa = PBXSourcesBuildPhase;
			buildActionMask = 2147483647;
			files = (
				181CCBC718CA2538005B357B /* Pingche_clientTests.m in Sources */,
			);
			runOnlyForDeploymentPostprocessing = 0;
		};
/* End PBXSourcesBuildPhase section */

/* Begin PBXTargetDependency section */
		181CCBBF18CA2538005B357B /* PBXTargetDependency */ = {
			isa = PBXTargetDependency;
			target = 181CCB9718CA2538005B357B /* Pingche_client */;
			targetProxy = 181CCBBE18CA2538005B357B /* PBXContainerItemProxy */;
		};
/* End PBXTargetDependency section */

/* Begin PBXVariantGroup section */
		181CCBA418CA2538005B357B /* InfoPlist.strings */ = {
			isa = PBXVariantGroup;
			children = (
				181CCBA518CA2538005B357B /* en */,
			);
			name = InfoPlist.strings;
			sourceTree = "<group>";
		};
		181CCBAD18CA2538005B357B /* Main.storyboard */ = {
			isa = PBXVariantGroup;
			children = (
				181CCBAE18CA2538005B357B /* Base */,
			);
			name = Main.storyboard;
			sourceTree = "<group>";
		};
		181CCBC318CA2538005B357B /* InfoPlist.strings */ = {
			isa = PBXVariantGroup;
			children = (
				181CCBC418CA2538005B357B /* en */,
			);
			name = InfoPlist.strings;
			sourceTree = "<group>";
		};
/* End PBXVariantGroup section */

/* Begin XCBuildConfiguration section */
		181CCBC818CA2538005B357B /* Debug */ = {
			isa = XCBuildConfiguration;
			buildSettings = {
				ALWAYS_SEARCH_USER_PATHS = NO;
				ARCHS = "$(ARCHS_STANDARD_INCLUDING_64_BIT)";
				CLANG_CXX_LANGUAGE_STANDARD = "gnu++0x";
				CLANG_CXX_LIBRARY = "libc++";
				CLANG_ENABLE_MODULES = YES;
				CLANG_ENABLE_OBJC_ARC = YES;
				CLANG_WARN_BOOL_CONVERSION = YES;
				CLANG_WARN_CONSTANT_CONVERSION = YES;
				CLANG_WARN_DIRECT_OBJC_ISA_USAGE = YES_ERROR;
				CLANG_WARN_EMPTY_BODY = YES;
				CLANG_WARN_ENUM_CONVERSION = YES;
				CLANG_WARN_INT_CONVERSION = YES;
				CLANG_WARN_OBJC_ROOT_CLASS = YES_ERROR;
				CLANG_WARN__DUPLICATE_METHOD_MATCH = YES;
				"CODE_SIGN_IDENTITY[sdk=iphoneos*]" = "iPhone Developer";
				COPY_PHASE_STRIP = NO;
				GCC_C_LANGUAGE_STANDARD = gnu99;
				GCC_DYNAMIC_NO_PIC = NO;
				GCC_OPTIMIZATION_LEVEL = 0;
				GCC_PREPROCESSOR_DEFINITIONS = (
					"DEBUG=1",
					"$(inherited)",
				);
				GCC_SYMBOLS_PRIVATE_EXTERN = NO;
				GCC_WARN_64_TO_32_BIT_CONVERSION = YES;
				GCC_WARN_ABOUT_RETURN_TYPE = YES_ERROR;
				GCC_WARN_UNDECLARED_SELECTOR = YES;
				GCC_WARN_UNINITIALIZED_AUTOS = YES;
				GCC_WARN_UNUSED_FUNCTION = YES;
				GCC_WARN_UNUSED_VARIABLE = YES;
				IPHONEOS_DEPLOYMENT_TARGET = 7.0;
				LIBRARY_SEARCH_PATHS = /Users/apple/developer/Jiaoke/project/Pingche_client/Pingche_client/gaodeLib;
				ONLY_ACTIVE_ARCH = YES;
				SDKROOT = iphoneos;
			};
			name = Debug;
		};
		181CCBC918CA2538005B357B /* Release */ = {
			isa = XCBuildConfiguration;
			buildSettings = {
				ALWAYS_SEARCH_USER_PATHS = NO;
				ARCHS = "$(ARCHS_STANDARD_INCLUDING_64_BIT)";
				CLANG_CXX_LANGUAGE_STANDARD = "gnu++0x";
				CLANG_CXX_LIBRARY = "libc++";
				CLANG_ENABLE_MODULES = YES;
				CLANG_ENABLE_OBJC_ARC = YES;
				CLANG_WARN_BOOL_CONVERSION = YES;
				CLANG_WARN_CONSTANT_CONVERSION = YES;
				CLANG_WARN_DIRECT_OBJC_ISA_USAGE = YES_ERROR;
				CLANG_WARN_EMPTY_BODY = YES;
				CLANG_WARN_ENUM_CONVERSION = YES;
				CLANG_WARN_INT_CONVERSION = YES;
				CLANG_WARN_OBJC_ROOT_CLASS = YES_ERROR;
				CLANG_WARN__DUPLICATE_METHOD_MATCH = YES;
				"CODE_SIGN_IDENTITY[sdk=iphoneos*]" = "iPhone Developer";
				COPY_PHASE_STRIP = YES;
				ENABLE_NS_ASSERTIONS = NO;
				GCC_C_LANGUAGE_STANDARD = gnu99;
				GCC_WARN_64_TO_32_BIT_CONVERSION = YES;
				GCC_WARN_ABOUT_RETURN_TYPE = YES_ERROR;
				GCC_WARN_UNDECLARED_SELECTOR = YES;
				GCC_WARN_UNINITIALIZED_AUTOS = YES;
				GCC_WARN_UNUSED_FUNCTION = YES;
				GCC_WARN_UNUSED_VARIABLE = YES;
				IPHONEOS_DEPLOYMENT_TARGET = 7.0;
				LIBRARY_SEARCH_PATHS = /Users/apple/developer/Jiaoke/project/Pingche_client/Pingche_client/gaodeLib;
				SDKROOT = iphoneos;
				VALIDATE_PRODUCT = YES;
			};
			name = Release;
		};
		181CCBCB18CA2538005B357B /* Debug */ = {
			isa = XCBuildConfiguration;
			buildSettings = {
				ASSETCATALOG_COMPILER_APPICON_NAME = AppIcon;
				ASSETCATALOG_COMPILER_LAUNCHIMAGE_NAME = LaunchImage;
				FRAMEWORK_SEARCH_PATHS = (
					"$(inherited)",
					"/Users/apple/developer/交科/project/Pingche_client/Pingche_client/gaodeLib",
					"$(PROJECT_DIR)/Pingche_client/gaodeLib",
				);
				GCC_PRECOMPILE_PREFIX_HEADER = YES;
				GCC_PREFIX_HEADER = "Pingche_client/Pingche_client-Prefix.pch";
				INFOPLIST_FILE = "Pingche_client/Pingche_client-Info.plist";
				OTHER_LDFLAGS = "-ObjC";
				PRODUCT_NAME = "$(TARGET_NAME)";
				WRAPPER_EXTENSION = app;
			};
			name = Debug;
		};
		181CCBCC18CA2538005B357B /* Release */ = {
			isa = XCBuildConfiguration;
			buildSettings = {
				ASSETCATALOG_COMPILER_APPICON_NAME = AppIcon;
				ASSETCATALOG_COMPILER_LAUNCHIMAGE_NAME = LaunchImage;
				FRAMEWORK_SEARCH_PATHS = (
					"$(inherited)",
					"/Users/apple/developer/交科/project/Pingche_client/Pingche_client/gaodeLib",
					"$(PROJECT_DIR)/Pingche_client/gaodeLib",
				);
				GCC_PRECOMPILE_PREFIX_HEADER = YES;
				GCC_PREFIX_HEADER = "Pingche_client/Pingche_client-Prefix.pch";
				INFOPLIST_FILE = "Pingche_client/Pingche_client-Info.plist";
				OTHER_LDFLAGS = "-ObjC";
				PRODUCT_NAME = "$(TARGET_NAME)";
				WRAPPER_EXTENSION = app;
			};
			name = Release;
		};
		181CCBCE18CA2538005B357B /* Debug */ = {
			isa = XCBuildConfiguration;
			buildSettings = {
				ARCHS = "$(ARCHS_STANDARD_INCLUDING_64_BIT)";
				BUNDLE_LOADER = "$(BUILT_PRODUCTS_DIR)/Pingche_client.app/Pingche_client";
				FRAMEWORK_SEARCH_PATHS = (
					"$(SDKROOT)/Developer/Library/Frameworks",
					"$(inherited)",
					"$(DEVELOPER_FRAMEWORKS_DIR)",
				);
				GCC_PRECOMPILE_PREFIX_HEADER = YES;
				GCC_PREFIX_HEADER = "Pingche_client/Pingche_client-Prefix.pch";
				GCC_PREPROCESSOR_DEFINITIONS = (
					"DEBUG=1",
					"$(inherited)",
				);
				INFOPLIST_FILE = "Pingche_clientTests/Pingche_clientTests-Info.plist";
				PRODUCT_NAME = "$(TARGET_NAME)";
				TEST_HOST = "$(BUNDLE_LOADER)";
				WRAPPER_EXTENSION = xctest;
			};
			name = Debug;
		};
		181CCBCF18CA2538005B357B /* Release */ = {
			isa = XCBuildConfiguration;
			buildSettings = {
				ARCHS = "$(ARCHS_STANDARD_INCLUDING_64_BIT)";
				BUNDLE_LOADER = "$(BUILT_PRODUCTS_DIR)/Pingche_client.app/Pingche_client";
				FRAMEWORK_SEARCH_PATHS = (
					"$(SDKROOT)/Developer/Library/Frameworks",
					"$(inherited)",
					"$(DEVELOPER_FRAMEWORKS_DIR)",
				);
				GCC_PRECOMPILE_PREFIX_HEADER = YES;
				GCC_PREFIX_HEADER = "Pingche_client/Pingche_client-Prefix.pch";
				INFOPLIST_FILE = "Pingche_clientTests/Pingche_clientTests-Info.plist";
				PRODUCT_NAME = "$(TARGET_NAME)";
				TEST_HOST = "$(BUNDLE_LOADER)";
				WRAPPER_EXTENSION = xctest;
			};
			name = Release;
		};
/* End XCBuildConfiguration section */

/* Begin XCConfigurationList section */
		181CCB9318CA2537005B357B /* Build configuration list for PBXProject "Pingche_client" */ = {
			isa = XCConfigurationList;
			buildConfigurations = (
				181CCBC818CA2538005B357B /* Debug */,
				181CCBC918CA2538005B357B /* Release */,
			);
			defaultConfigurationIsVisible = 0;
			defaultConfigurationName = Release;
		};
		181CCBCA18CA2538005B357B /* Build configuration list for PBXNativeTarget "Pingche_client" */ = {
			isa = XCConfigurationList;
			buildConfigurations = (
				181CCBCB18CA2538005B357B /* Debug */,
				181CCBCC18CA2538005B357B /* Release */,
			);
			defaultConfigurationIsVisible = 0;
			defaultConfigurationName = Release;
		};
		181CCBCD18CA2538005B357B /* Build configuration list for PBXNativeTarget "Pingche_clientTests" */ = {
			isa = XCConfigurationList;
			buildConfigurations = (
				181CCBCE18CA2538005B357B /* Debug */,
				181CCBCF18CA2538005B357B /* Release */,
			);
			defaultConfigurationIsVisible = 0;
			defaultConfigurationName = Release;
		};
/* End XCConfigurationList section */
	};
	rootObject = 181CCB9018CA2537005B357B /* Project object */;
}
